// !$*UTF8*$!
{
	archiveVersion = 1;
	classes = {
	};
	objectVersion = 56;
	objects = {

/* Begin PBXBuildFile section */
		211F809429D9365B00957149 /* AppDelegate.swift in Sources */ = {isa = PBXBuildFile; fileRef = 211F809329D9365B00957149 /* AppDelegate.swift */; };
		211F809829D9365B00957149 /* Main.html in Resources */ = {isa = PBXBuildFile; fileRef = 211F809629D9365B00957149 /* Main.html */; };
		211F809A29D9365B00957149 /* Icon.png in Resources */ = {isa = PBXBuildFile; fileRef = 211F809929D9365B00957149 /* Icon.png */; };
		211F809C29D9365B00957149 /* Style.css in Resources */ = {isa = PBXBuildFile; fileRef = 211F809B29D9365B00957149 /* Style.css */; };
		211F809E29D9365B00957149 /* Script.js in Resources */ = {isa = PBXBuildFile; fileRef = 211F809D29D9365B00957149 /* Script.js */; };
		211F80A029D9365B00957149 /* ViewController.swift in Sources */ = {isa = PBXBuildFile; fileRef = 211F809F29D9365B00957149 /* ViewController.swift */; };
		211F80A329D9365B00957149 /* Main.storyboard in Resources */ = {isa = PBXBuildFile; fileRef = 211F80A129D9365B00957149 /* Main.storyboard */; };
		211F80A529D9365D00957149 /* Assets.xcassets in Resources */ = {isa = PBXBuildFile; fileRef = 211F80A429D9365D00957149 /* Assets.xcassets */; };
		211F80AE29D9365D00957149 /* Web Search Navigator Extension.appex in Embed Foundation Extensions */ = {isa = PBXBuildFile; fileRef = 211F80AD29D9365D00957149 /* Web Search Navigator Extension.appex */; settings = {ATTRIBUTES = (RemoveHeadersOnCopy, ); }; };
		211F80B329D9365D00957149 /* SafariWebExtensionHandler.swift in Sources */ = {isa = PBXBuildFile; fileRef = 211F80B229D9365D00957149 /* SafariWebExtensionHandler.swift */; };
		211F80D529D9365D00957149 /* icon16.png in Resources */ = {isa = PBXBuildFile; fileRef = 211F80C029D9365D00957149 /* icon16.png */; };
		211F80D629D9365D00957149 /* browser-polyfill.js in Resources */ = {isa = PBXBuildFile; fileRef = 211F80C129D9365D00957149 /* browser-polyfill.js */; };
		211F80D729D9365D00957149 /* background.js in Resources */ = {isa = PBXBuildFile; fileRef = 211F80C229D9365D00957149 /* background.js */; };
		211F80D829D9365D00957149 /* mousetrap-global-bind.js in Resources */ = {isa = PBXBuildFile; fileRef = 211F80C329D9365D00957149 /* mousetrap-global-bind.js */; };
		211F80D929D9365D00957149 /* icon48.png in Resources */ = {isa = PBXBuildFile; fileRef = 211F80C429D9365D00957149 /* icon48.png */; };
		211F80DA29D9365D00957149 /* Web Search Navigator in Resources */ = {isa = PBXBuildFile; fileRef = 211F80C529D9365D00957149 /* Web Search Navigator */; };
		211F80DB29D9365D00957149 /* mousetrap.js in Resources */ = {isa = PBXBuildFile; fileRef = 211F80C629D9365D00957149 /* mousetrap.js */; };
		211F80DC29D9365D00957149 /* options.js in Resources */ = {isa = PBXBuildFile; fileRef = 211F80C729D9365D00957149 /* options.js */; };
		211F80DD29D9365D00957149 /* icon300.png in Resources */ = {isa = PBXBuildFile; fileRef = 211F80C829D9365D00957149 /* icon300.png */; };
		211F80DE29D9365D00957149 /* icon128.png in Resources */ = {isa = PBXBuildFile; fileRef = 211F80C929D9365D00957149 /* icon128.png */; };
		211F80DF29D9365D00957149 /* options_page.html in Resources */ = {isa = PBXBuildFile; fileRef = 211F80CA29D9365D00957149 /* options_page.html */; };
		211F80E029D9365D00957149 /* main.js in Resources */ = {isa = PBXBuildFile; fileRef = 211F80CB29D9365D00957149 /* main.js */; };
		211F80E129D9365D00957149 /* icon3264.png in Resources */ = {isa = PBXBuildFile; fileRef = 211F80CC29D9365D00957149 /* icon3264.png */; };
		211F80E229D9365D00957149 /* options_page.css in Resources */ = {isa = PBXBuildFile; fileRef = 211F80CD29D9365D00957149 /* options_page.css */; };
		211F80E329D9365D00957149 /* manifest.json in Resources */ = {isa = PBXBuildFile; fileRef = 211F80CE29D9365D00957149 /* manifest.json */; };
		211F80E429D9365D00957149 /* search_engines.js in Resources */ = {isa = PBXBuildFile; fileRef = 211F80CF29D9365D00957149 /* search_engines.js */; };
		211F80E529D9365D00957149 /* webext-dynamic-content-scripts.js in Resources */ = {isa = PBXBuildFile; fileRef = 211F80D029D9365D00957149 /* webext-dynamic-content-scripts.js */; };
		211F80E629D9365D00957149 /* icon50.png in Resources */ = {isa = PBXBuildFile; fileRef = 211F80D129D9365D00957149 /* icon50.png */; };
		211F80E729D9365D00957149 /* icon44.png in Resources */ = {isa = PBXBuildFile; fileRef = 211F80D229D9365D00957149 /* icon44.png */; };
		211F80E829D9365D00957149 /* icon150.png in Resources */ = {isa = PBXBuildFile; fileRef = 211F80D329D9365D00957149 /* icon150.png */; };
		211F80E929D9365D00957149 /* options_page.js in Resources */ = {isa = PBXBuildFile; fileRef = 211F80D429D9365D00957149 /* options_page.js */; };
/* End PBXBuildFile section */

/* Begin PBXContainerItemProxy section */
		211F80AF29D9365D00957149 /* PBXContainerItemProxy */ = {
			isa = PBXContainerItemProxy;
			containerPortal = 211F808829D9365B00957149 /* Project object */;
			proxyType = 1;
			remoteGlobalIDString = 211F80AC29D9365D00957149;
			remoteInfo = "Web Search Navigator Extension";
		};
/* End PBXContainerItemProxy section */

/* Begin PBXCopyFilesBuildPhase section */
		211F80BB29D9365D00957149 /* Embed Foundation Extensions */ = {
			isa = PBXCopyFilesBuildPhase;
			buildActionMask = 2147483647;
			dstPath = "";
			dstSubfolderSpec = 13;
			files = (
				211F80AE29D9365D00957149 /* Web Search Navigator Extension.appex in Embed Foundation Extensions */,
			);
			name = "Embed Foundation Extensions";
			runOnlyForDeploymentPostprocessing = 0;
		};
/* End PBXCopyFilesBuildPhase section */

/* Begin PBXFileReference section */
		211F809029D9365B00957149 /* Web Search Navigator.app */ = {isa = PBXFileReference; explicitFileType = wrapper.application; includeInIndex = 0; path = "Web Search Navigator.app"; sourceTree = BUILT_PRODUCTS_DIR; };
		211F809329D9365B00957149 /* AppDelegate.swift */ = {isa = PBXFileReference; lastKnownFileType = sourcecode.swift; path = AppDelegate.swift; sourceTree = "<group>"; };
		211F809729D9365B00957149 /* Base */ = {isa = PBXFileReference; lastKnownFileType = text.html; name = Base; path = ../Base.lproj/Main.html; sourceTree = "<group>"; };
		211F809929D9365B00957149 /* Icon.png */ = {isa = PBXFileReference; lastKnownFileType = image.png; path = Icon.png; sourceTree = "<group>"; };
		211F809B29D9365B00957149 /* Style.css */ = {isa = PBXFileReference; lastKnownFileType = text.css; path = Style.css; sourceTree = "<group>"; };
		211F809D29D9365B00957149 /* Script.js */ = {isa = PBXFileReference; lastKnownFileType = sourcecode.javascript; path = Script.js; sourceTree = "<group>"; };
		211F809F29D9365B00957149 /* ViewController.swift */ = {isa = PBXFileReference; lastKnownFileType = sourcecode.swift; path = ViewController.swift; sourceTree = "<group>"; };
		211F80A229D9365B00957149 /* Base */ = {isa = PBXFileReference; lastKnownFileType = file.storyboard; name = Base; path = Base.lproj/Main.storyboard; sourceTree = "<group>"; };
		211F80A429D9365D00957149 /* Assets.xcassets */ = {isa = PBXFileReference; lastKnownFileType = folder.assetcatalog; path = Assets.xcassets; sourceTree = "<group>"; };
		211F80A629D9365D00957149 /* Info.plist */ = {isa = PBXFileReference; lastKnownFileType = text.plist.xml; path = Info.plist; sourceTree = "<group>"; };
		211F80A729D9365D00957149 /* Web_Search_Navigator.entitlements */ = {isa = PBXFileReference; lastKnownFileType = text.plist.entitlements; path = Web_Search_Navigator.entitlements; sourceTree = "<group>"; };
		211F80A829D9365D00957149 /* Web Search Navigator.entitlements */ = {isa = PBXFileReference; lastKnownFileType = text.plist.entitlements; path = "Web Search Navigator.entitlements"; sourceTree = "<group>"; };
		211F80AD29D9365D00957149 /* Web Search Navigator Extension.appex */ = {isa = PBXFileReference; explicitFileType = "wrapper.app-extension"; includeInIndex = 0; path = "Web Search Navigator Extension.appex"; sourceTree = BUILT_PRODUCTS_DIR; };
		211F80B229D9365D00957149 /* SafariWebExtensionHandler.swift */ = {isa = PBXFileReference; lastKnownFileType = sourcecode.swift; path = SafariWebExtensionHandler.swift; sourceTree = "<group>"; };
		211F80B429D9365D00957149 /* Info.plist */ = {isa = PBXFileReference; lastKnownFileType = text.plist.xml; path = Info.plist; sourceTree = "<group>"; };
		211F80B529D9365D00957149 /* Web_Search_Navigator_Extension.entitlements */ = {isa = PBXFileReference; lastKnownFileType = text.plist.entitlements; path = Web_Search_Navigator_Extension.entitlements; sourceTree = "<group>"; };
		211F80C029D9365D00957149 /* icon16.png */ = {isa = PBXFileReference; lastKnownFileType = image.png; name = icon16.png; path = ../../icon16.png; sourceTree = "<group>"; };
		211F80C129D9365D00957149 /* browser-polyfill.js */ = {isa = PBXFileReference; lastKnownFileType = sourcecode.javascript; name = "browser-polyfill.js"; path = "../../browser-polyfill.js"; sourceTree = "<group>"; };
		211F80C229D9365D00957149 /* background.js */ = {isa = PBXFileReference; lastKnownFileType = sourcecode.javascript; name = background.js; path = ../../background.js; sourceTree = "<group>"; };
		211F80C329D9365D00957149 /* mousetrap-global-bind.js */ = {isa = PBXFileReference; lastKnownFileType = sourcecode.javascript; name = "mousetrap-global-bind.js"; path = "../../mousetrap-global-bind.js"; sourceTree = "<group>"; };
		211F80C429D9365D00957149 /* icon48.png */ = {isa = PBXFileReference; lastKnownFileType = image.png; name = icon48.png; path = ../../icon48.png; sourceTree = "<group>"; };
		211F80C529D9365D00957149 /* Web Search Navigator */ = {isa = PBXFileReference; lastKnownFileType = text; path = "Web Search Navigator"; sourceTree = SOURCE_ROOT; };
		211F80C629D9365D00957149 /* mousetrap.js */ = {isa = PBXFileReference; lastKnownFileType = sourcecode.javascript; name = mousetrap.js; path = ../../mousetrap.js; sourceTree = "<group>"; };
		211F80C729D9365D00957149 /* options.js */ = {isa = PBXFileReference; lastKnownFileType = sourcecode.javascript; name = options.js; path = ../../options.js; sourceTree = "<group>"; };
		211F80C829D9365D00957149 /* icon300.png */ = {isa = PBXFileReference; lastKnownFileType = image.png; name = icon300.png; path = ../../icon300.png; sourceTree = "<group>"; };
		211F80C929D9365D00957149 /* icon128.png */ = {isa = PBXFileReference; lastKnownFileType = image.png; name = icon128.png; path = ../../icon128.png; sourceTree = "<group>"; };
		211F80CA29D9365D00957149 /* options_page.html */ = {isa = PBXFileReference; lastKnownFileType = text.html; name = options_page.html; path = ../../options_page.html; sourceTree = "<group>"; };
		211F80CB29D9365D00957149 /* main.js */ = {isa = PBXFileReference; lastKnownFileType = sourcecode.javascript; name = main.js; path = ../../main.js; sourceTree = "<group>"; };
		211F80CC29D9365D00957149 /* icon3264.png */ = {isa = PBXFileReference; lastKnownFileType = image.png; name = icon3264.png; path = ../../icon3264.png; sourceTree = "<group>"; };
		211F80CD29D9365D00957149 /* options_page.css */ = {isa = PBXFileReference; lastKnownFileType = text.css; name = options_page.css; path = ../../options_page.css; sourceTree = "<group>"; };
		211F80CE29D9365D00957149 /* manifest.json */ = {isa = PBXFileReference; lastKnownFileType = text.json; name = manifest.json; path = ../../manifest.json; sourceTree = "<group>"; };
		211F80CF29D9365D00957149 /* search_engines.js */ = {isa = PBXFileReference; lastKnownFileType = sourcecode.javascript; name = search_engines.js; path = ../../search_engines.js; sourceTree = "<group>"; };
		211F80D029D9365D00957149 /* webext-dynamic-content-scripts.js */ = {isa = PBXFileReference; lastKnownFileType = sourcecode.javascript; name = "webext-dynamic-content-scripts.js"; path = "../../webext-dynamic-content-scripts.js"; sourceTree = "<group>"; };
		211F80D129D9365D00957149 /* icon50.png */ = {isa = PBXFileReference; lastKnownFileType = image.png; name = icon50.png; path = ../../icon50.png; sourceTree = "<group>"; };
		211F80D229D9365D00957149 /* icon44.png */ = {isa = PBXFileReference; lastKnownFileType = image.png; name = icon44.png; path = ../../icon44.png; sourceTree = "<group>"; };
		211F80D329D9365D00957149 /* icon150.png */ = {isa = PBXFileReference; lastKnownFileType = image.png; name = icon150.png; path = ../../icon150.png; sourceTree = "<group>"; };
		211F80D429D9365D00957149 /* options_page.js */ = {isa = PBXFileReference; lastKnownFileType = sourcecode.javascript; name = options_page.js; path = ../../options_page.js; sourceTree = "<group>"; };
/* End PBXFileReference section */

/* Begin PBXFrameworksBuildPhase section */
		211F808D29D9365B00957149 /* Frameworks */ = {
			isa = PBXFrameworksBuildPhase;
			buildActionMask = 2147483647;
			files = (
			);
			runOnlyForDeploymentPostprocessing = 0;
		};
		211F80AA29D9365D00957149 /* Frameworks */ = {
			isa = PBXFrameworksBuildPhase;
			buildActionMask = 2147483647;
			files = (
			);
			runOnlyForDeploymentPostprocessing = 0;
		};
/* End PBXFrameworksBuildPhase section */

/* Begin PBXGroup section */
		211F808729D9365B00957149 = {
			isa = PBXGroup;
			children = (
				211F809229D9365B00957149 /* Web Search Navigator */,
				211F80B129D9365D00957149 /* Web Search Navigator Extension */,
				211F809129D9365B00957149 /* Products */,
			);
			sourceTree = "<group>";
		};
		211F809129D9365B00957149 /* Products */ = {
			isa = PBXGroup;
			children = (
				211F809029D9365B00957149 /* Web Search Navigator.app */,
				211F80AD29D9365D00957149 /* Web Search Navigator Extension.appex */,
			);
			name = Products;
			sourceTree = "<group>";
		};
		211F809229D9365B00957149 /* Web Search Navigator */ = {
			isa = PBXGroup;
			children = (
				211F809329D9365B00957149 /* AppDelegate.swift */,
				211F809F29D9365B00957149 /* ViewController.swift */,
				211F80A129D9365B00957149 /* Main.storyboard */,
				211F80A429D9365D00957149 /* Assets.xcassets */,
				211F80A629D9365D00957149 /* Info.plist */,
				211F80A729D9365D00957149 /* Web_Search_Navigator.entitlements */,
				211F80A829D9365D00957149 /* Web Search Navigator.entitlements */,
				211F809529D9365B00957149 /* Resources */,
			);
			path = "Web Search Navigator";
			sourceTree = "<group>";
		};
		211F809529D9365B00957149 /* Resources */ = {
			isa = PBXGroup;
			children = (
				211F809629D9365B00957149 /* Main.html */,
				211F809929D9365B00957149 /* Icon.png */,
				211F809B29D9365B00957149 /* Style.css */,
				211F809D29D9365B00957149 /* Script.js */,
			);
			path = Resources;
			sourceTree = "<group>";
		};
		211F80B129D9365D00957149 /* Web Search Navigator Extension */ = {
			isa = PBXGroup;
			children = (
				211F80BF29D9365D00957149 /* Resources */,
				211F80B229D9365D00957149 /* SafariWebExtensionHandler.swift */,
				211F80B429D9365D00957149 /* Info.plist */,
				211F80B529D9365D00957149 /* Web_Search_Navigator_Extension.entitlements */,
			);
			path = "Web Search Navigator Extension";
			sourceTree = "<group>";
		};
		211F80BF29D9365D00957149 /* Resources */ = {
			isa = PBXGroup;
			children = (
				211F80C029D9365D00957149 /* icon16.png */,
				211F80C129D9365D00957149 /* browser-polyfill.js */,
				211F80C229D9365D00957149 /* background.js */,
				211F80C329D9365D00957149 /* mousetrap-global-bind.js */,
				211F80C429D9365D00957149 /* icon48.png */,
				211F80C529D9365D00957149 /* Web Search Navigator */,
				211F80C629D9365D00957149 /* mousetrap.js */,
				211F80C729D9365D00957149 /* options.js */,
				211F80C829D9365D00957149 /* icon300.png */,
				211F80C929D9365D00957149 /* icon128.png */,
				211F80CA29D9365D00957149 /* options_page.html */,
				211F80CB29D9365D00957149 /* main.js */,
				211F80CC29D9365D00957149 /* icon3264.png */,
				211F80CD29D9365D00957149 /* options_page.css */,
				211F80CE29D9365D00957149 /* manifest.json */,
				211F80CF29D9365D00957149 /* search_engines.js */,
				211F80D029D9365D00957149 /* webext-dynamic-content-scripts.js */,
				211F80D129D9365D00957149 /* icon50.png */,
				211F80D229D9365D00957149 /* icon44.png */,
				211F80D329D9365D00957149 /* icon150.png */,
				211F80D429D9365D00957149 /* options_page.js */,
			);
			name = Resources;
			path = "Web Search Navigator Extension";
			sourceTree = SOURCE_ROOT;
		};
/* End PBXGroup section */

/* Begin PBXNativeTarget section */
		211F808F29D9365B00957149 /* Web Search Navigator */ = {
			isa = PBXNativeTarget;
			buildConfigurationList = 211F80BC29D9365D00957149 /* Build configuration list for PBXNativeTarget "Web Search Navigator" */;
			buildPhases = (
				211F808C29D9365B00957149 /* Sources */,
				211F808D29D9365B00957149 /* Frameworks */,
				211F808E29D9365B00957149 /* Resources */,
				211F80BB29D9365D00957149 /* Embed Foundation Extensions */,
			);
			buildRules = (
			);
			dependencies = (
				211F80B029D9365D00957149 /* PBXTargetDependency */,
			);
			name = "Web Search Navigator";
			productName = "Web Search Navigator";
			productReference = 211F809029D9365B00957149 /* Web Search Navigator.app */;
			productType = "com.apple.product-type.application";
		};
		211F80AC29D9365D00957149 /* Web Search Navigator Extension */ = {
			isa = PBXNativeTarget;
			buildConfigurationList = 211F80B829D9365D00957149 /* Build configuration list for PBXNativeTarget "Web Search Navigator Extension" */;
			buildPhases = (
				211F80A929D9365D00957149 /* Sources */,
				211F80AA29D9365D00957149 /* Frameworks */,
				211F80AB29D9365D00957149 /* Resources */,
			);
			buildRules = (
			);
			dependencies = (
			);
			name = "Web Search Navigator Extension";
			productName = "Web Search Navigator Extension";
			productReference = 211F80AD29D9365D00957149 /* Web Search Navigator Extension.appex */;
			productType = "com.apple.product-type.app-extension";
		};
/* End PBXNativeTarget section */

/* Begin PBXProject section */
		211F808829D9365B00957149 /* Project object */ = {
			isa = PBXProject;
			attributes = {
				BuildIndependentTargetsInParallel = 1;
				LastSwiftUpdateCheck = 1430;
				LastUpgradeCheck = 1430;
				TargetAttributes = {
					211F808F29D9365B00957149 = {
						CreatedOnToolsVersion = 14.3;
					};
					211F80AC29D9365D00957149 = {
						CreatedOnToolsVersion = 14.3;
					};
				};
			};
			buildConfigurationList = 211F808B29D9365B00957149 /* Build configuration list for PBXProject "Web Search Navigator" */;
			compatibilityVersion = "Xcode 14.0";
			developmentRegion = en;
			hasScannedForEncodings = 0;
			knownRegions = (
				en,
				Base,
			);
			mainGroup = 211F808729D9365B00957149;
			productRefGroup = 211F809129D9365B00957149 /* Products */;
			projectDirPath = "";
			projectRoot = "";
			targets = (
				211F808F29D9365B00957149 /* Web Search Navigator */,
				211F80AC29D9365D00957149 /* Web Search Navigator Extension */,
			);
		};
/* End PBXProject section */

/* Begin PBXResourcesBuildPhase section */
		211F808E29D9365B00957149 /* Resources */ = {
			isa = PBXResourcesBuildPhase;
			buildActionMask = 2147483647;
			files = (
				211F809A29D9365B00957149 /* Icon.png in Resources */,
				211F80A329D9365B00957149 /* Main.storyboard in Resources */,
				211F809E29D9365B00957149 /* Script.js in Resources */,
				211F809829D9365B00957149 /* Main.html in Resources */,
				211F80A529D9365D00957149 /* Assets.xcassets in Resources */,
				211F809C29D9365B00957149 /* Style.css in Resources */,
			);
			runOnlyForDeploymentPostprocessing = 0;
		};
		211F80AB29D9365D00957149 /* Resources */ = {
			isa = PBXResourcesBuildPhase;
			buildActionMask = 2147483647;
			files = (
				211F80DB29D9365D00957149 /* mousetrap.js in Resources */,
				211F80DC29D9365D00957149 /* options.js in Resources */,
				211F80D629D9365D00957149 /* browser-polyfill.js in Resources */,
				211F80E029D9365D00957149 /* main.js in Resources */,
				211F80D729D9365D00957149 /* background.js in Resources */,
				211F80E829D9365D00957149 /* icon150.png in Resources */,
				211F80D529D9365D00957149 /* icon16.png in Resources */,
				211F80E729D9365D00957149 /* icon44.png in Resources */,
				211F80DD29D9365D00957149 /* icon300.png in Resources */,
				211F80E329D9365D00957149 /* manifest.json in Resources */,
				211F80DF29D9365D00957149 /* options_page.html in Resources */,
				211F80D829D9365D00957149 /* mousetrap-global-bind.js in Resources */,
				211F80E429D9365D00957149 /* search_engines.js in Resources */,
				211F80E629D9365D00957149 /* icon50.png in Resources */,
				211F80D929D9365D00957149 /* icon48.png in Resources */,
				211F80E129D9365D00957149 /* icon3264.png in Resources */,
				211F80DE29D9365D00957149 /* icon128.png in Resources */,
				211F80E929D9365D00957149 /* options_page.js in Resources */,
				211F80DA29D9365D00957149 /* Web Search Navigator in Resources */,
				211F80E229D9365D00957149 /* options_page.css in Resources */,
				211F80E529D9365D00957149 /* webext-dynamic-content-scripts.js in Resources */,
			);
			runOnlyForDeploymentPostprocessing = 0;
		};
/* End PBXResourcesBuildPhase section */

/* Begin PBXSourcesBuildPhase section */
		211F808C29D9365B00957149 /* Sources */ = {
			isa = PBXSourcesBuildPhase;
			buildActionMask = 2147483647;
			files = (
				211F80A029D9365B00957149 /* ViewController.swift in Sources */,
				211F809429D9365B00957149 /* AppDelegate.swift in Sources */,
			);
			runOnlyForDeploymentPostprocessing = 0;
		};
		211F80A929D9365D00957149 /* Sources */ = {
			isa = PBXSourcesBuildPhase;
			buildActionMask = 2147483647;
			files = (
				211F80B329D9365D00957149 /* SafariWebExtensionHandler.swift in Sources */,
			);
			runOnlyForDeploymentPostprocessing = 0;
		};
/* End PBXSourcesBuildPhase section */

/* Begin PBXTargetDependency section */
		211F80B029D9365D00957149 /* PBXTargetDependency */ = {
			isa = PBXTargetDependency;
			target = 211F80AC29D9365D00957149 /* Web Search Navigator Extension */;
			targetProxy = 211F80AF29D9365D00957149 /* PBXContainerItemProxy */;
		};
/* End PBXTargetDependency section */

/* Begin PBXVariantGroup section */
		211F809629D9365B00957149 /* Main.html */ = {
			isa = PBXVariantGroup;
			children = (
				211F809729D9365B00957149 /* Base */,
			);
			name = Main.html;
			sourceTree = "<group>";
		};
		211F80A129D9365B00957149 /* Main.storyboard */ = {
			isa = PBXVariantGroup;
			children = (
				211F80A229D9365B00957149 /* Base */,
			);
			name = Main.storyboard;
			sourceTree = "<group>";
		};
/* End PBXVariantGroup section */

/* Begin XCBuildConfiguration section */
		211F80B629D9365D00957149 /* Debug */ = {
			isa = XCBuildConfiguration;
			buildSettings = {
				ALWAYS_SEARCH_USER_PATHS = NO;
				CLANG_ANALYZER_NONNULL = YES;
				CLANG_ANALYZER_NUMBER_OBJECT_CONVERSION = YES_AGGRESSIVE;
				CLANG_CXX_LANGUAGE_STANDARD = "gnu++20";
				CLANG_ENABLE_MODULES = YES;
				CLANG_ENABLE_OBJC_ARC = YES;
				CLANG_ENABLE_OBJC_WEAK = YES;
				CLANG_WARN_BLOCK_CAPTURE_AUTORELEASING = YES;
				CLANG_WARN_BOOL_CONVERSION = YES;
				CLANG_WARN_COMMA = YES;
				CLANG_WARN_CONSTANT_CONVERSION = YES;
				CLANG_WARN_DEPRECATED_OBJC_IMPLEMENTATIONS = YES;
				CLANG_WARN_DIRECT_OBJC_ISA_USAGE = YES_ERROR;
				CLANG_WARN_DOCUMENTATION_COMMENTS = YES;
				CLANG_WARN_EMPTY_BODY = YES;
				CLANG_WARN_ENUM_CONVERSION = YES;
				CLANG_WARN_INFINITE_RECURSION = YES;
				CLANG_WARN_INT_CONVERSION = YES;
				CLANG_WARN_NON_LITERAL_NULL_CONVERSION = YES;
				CLANG_WARN_OBJC_IMPLICIT_RETAIN_SELF = YES;
				CLANG_WARN_OBJC_LITERAL_CONVERSION = YES;
				CLANG_WARN_OBJC_ROOT_CLASS = YES_ERROR;
				CLANG_WARN_QUOTED_INCLUDE_IN_FRAMEWORK_HEADER = YES;
				CLANG_WARN_RANGE_LOOP_ANALYSIS = YES;
				CLANG_WARN_STRICT_PROTOTYPES = YES;
				CLANG_WARN_SUSPICIOUS_MOVE = YES;
				CLANG_WARN_UNGUARDED_AVAILABILITY = YES_AGGRESSIVE;
				CLANG_WARN_UNREACHABLE_CODE = YES;
				CLANG_WARN__DUPLICATE_METHOD_MATCH = YES;
				COPY_PHASE_STRIP = NO;
				DEBUG_INFORMATION_FORMAT = dwarf;
				ENABLE_STRICT_OBJC_MSGSEND = YES;
				ENABLE_TESTABILITY = YES;
				GCC_C_LANGUAGE_STANDARD = gnu11;
				GCC_DYNAMIC_NO_PIC = NO;
				GCC_NO_COMMON_BLOCKS = YES;
				GCC_OPTIMIZATION_LEVEL = 0;
				GCC_PREPROCESSOR_DEFINITIONS = (
					"DEBUG=1",
					"$(inherited)",
				);
				GCC_WARN_64_TO_32_BIT_CONVERSION = YES;
				GCC_WARN_ABOUT_RETURN_TYPE = YES_ERROR;
				GCC_WARN_UNDECLARED_SELECTOR = YES;
				GCC_WARN_UNINITIALIZED_AUTOS = YES_AGGRESSIVE;
				GCC_WARN_UNUSED_FUNCTION = YES;
				GCC_WARN_UNUSED_VARIABLE = YES;
				MACOSX_DEPLOYMENT_TARGET = 13.2;
				MTL_ENABLE_DEBUG_INFO = INCLUDE_SOURCE;
				MTL_FAST_MATH = YES;
				ONLY_ACTIVE_ARCH = YES;
				SDKROOT = macosx;
				SWIFT_ACTIVE_COMPILATION_CONDITIONS = DEBUG;
				SWIFT_OPTIMIZATION_LEVEL = "-Onone";
			};
			name = Debug;
		};
		211F80B729D9365D00957149 /* Release */ = {
			isa = XCBuildConfiguration;
			buildSettings = {
				ALWAYS_SEARCH_USER_PATHS = NO;
				CLANG_ANALYZER_NONNULL = YES;
				CLANG_ANALYZER_NUMBER_OBJECT_CONVERSION = YES_AGGRESSIVE;
				CLANG_CXX_LANGUAGE_STANDARD = "gnu++20";
				CLANG_ENABLE_MODULES = YES;
				CLANG_ENABLE_OBJC_ARC = YES;
				CLANG_ENABLE_OBJC_WEAK = YES;
				CLANG_WARN_BLOCK_CAPTURE_AUTORELEASING = YES;
				CLANG_WARN_BOOL_CONVERSION = YES;
				CLANG_WARN_COMMA = YES;
				CLANG_WARN_CONSTANT_CONVERSION = YES;
				CLANG_WARN_DEPRECATED_OBJC_IMPLEMENTATIONS = YES;
				CLANG_WARN_DIRECT_OBJC_ISA_USAGE = YES_ERROR;
				CLANG_WARN_DOCUMENTATION_COMMENTS = YES;
				CLANG_WARN_EMPTY_BODY = YES;
				CLANG_WARN_ENUM_CONVERSION = YES;
				CLANG_WARN_INFINITE_RECURSION = YES;
				CLANG_WARN_INT_CONVERSION = YES;
				CLANG_WARN_NON_LITERAL_NULL_CONVERSION = YES;
				CLANG_WARN_OBJC_IMPLICIT_RETAIN_SELF = YES;
				CLANG_WARN_OBJC_LITERAL_CONVERSION = YES;
				CLANG_WARN_OBJC_ROOT_CLASS = YES_ERROR;
				CLANG_WARN_QUOTED_INCLUDE_IN_FRAMEWORK_HEADER = YES;
				CLANG_WARN_RANGE_LOOP_ANALYSIS = YES;
				CLANG_WARN_STRICT_PROTOTYPES = YES;
				CLANG_WARN_SUSPICIOUS_MOVE = YES;
				CLANG_WARN_UNGUARDED_AVAILABILITY = YES_AGGRESSIVE;
				CLANG_WARN_UNREACHABLE_CODE = YES;
				CLANG_WARN__DUPLICATE_METHOD_MATCH = YES;
				COPY_PHASE_STRIP = NO;
				DEBUG_INFORMATION_FORMAT = "dwarf-with-dsym";
				ENABLE_NS_ASSERTIONS = NO;
				ENABLE_STRICT_OBJC_MSGSEND = YES;
				GCC_C_LANGUAGE_STANDARD = gnu11;
				GCC_NO_COMMON_BLOCKS = YES;
				GCC_WARN_64_TO_32_BIT_CONVERSION = YES;
				GCC_WARN_ABOUT_RETURN_TYPE = YES_ERROR;
				GCC_WARN_UNDECLARED_SELECTOR = YES;
				GCC_WARN_UNINITIALIZED_AUTOS = YES_AGGRESSIVE;
				GCC_WARN_UNUSED_FUNCTION = YES;
				GCC_WARN_UNUSED_VARIABLE = YES;
				MACOSX_DEPLOYMENT_TARGET = 13.2;
				MTL_ENABLE_DEBUG_INFO = NO;
				MTL_FAST_MATH = YES;
				SDKROOT = macosx;
				SWIFT_COMPILATION_MODE = wholemodule;
				SWIFT_OPTIMIZATION_LEVEL = "-O";
			};
			name = Release;
		};
		211F80B929D9365D00957149 /* Debug */ = {
			isa = XCBuildConfiguration;
			buildSettings = {
				CODE_SIGN_ENTITLEMENTS = "Web Search Navigator Extension/Web_Search_Navigator_Extension.entitlements";
				CODE_SIGN_STYLE = Automatic;
				CURRENT_PROJECT_VERSION = 1;
				DEVELOPMENT_TEAM = CHKXU9G85C;
				ENABLE_HARDENED_RUNTIME = YES;
				GENERATE_INFOPLIST_FILE = YES;
				INFOPLIST_FILE = "Web Search Navigator Extension/Info.plist";
				INFOPLIST_KEY_CFBundleDisplayName = "Web Search Navigator Extension";
				INFOPLIST_KEY_NSHumanReadableCopyright = "";
				LD_RUNPATH_SEARCH_PATHS = (
					"$(inherited)",
					"@executable_path/../Frameworks",
					"@executable_path/../../../../Frameworks",
				);
				MACOSX_DEPLOYMENT_TARGET = 10.14;
				MARKETING_VERSION = 1.0;
				OTHER_LDFLAGS = (
					"-framework",
					SafariServices,
				);
				PRODUCT_BUNDLE_IDENTIFIER = "com.yourCompany.Web-Search-Navigator.Extension";
				PRODUCT_NAME = "$(TARGET_NAME)";
				SKIP_INSTALL = YES;
				SWIFT_EMIT_LOC_STRINGS = YES;
				SWIFT_VERSION = 5.0;
			};
			name = Debug;
		};
		211F80BA29D9365D00957149 /* Release */ = {
			isa = XCBuildConfiguration;
			buildSettings = {
				CODE_SIGN_ENTITLEMENTS = "Web Search Navigator Extension/Web_Search_Navigator_Extension.entitlements";
				CODE_SIGN_STYLE = Automatic;
				CURRENT_PROJECT_VERSION = 1;
				DEVELOPMENT_TEAM = CHKXU9G85C;
				ENABLE_HARDENED_RUNTIME = YES;
				GENERATE_INFOPLIST_FILE = YES;
				INFOPLIST_FILE = "Web Search Navigator Extension/Info.plist";
				INFOPLIST_KEY_CFBundleDisplayName = "Web Search Navigator Extension";
				INFOPLIST_KEY_NSHumanReadableCopyright = "";
				LD_RUNPATH_SEARCH_PATHS = (
					"$(inherited)",
					"@executable_path/../Frameworks",
					"@executable_path/../../../../Frameworks",
				);
				MACOSX_DEPLOYMENT_TARGET = 10.14;
				MARKETING_VERSION = 1.0;
				OTHER_LDFLAGS = (
					"-framework",
					SafariServices,
				);
				PRODUCT_BUNDLE_IDENTIFIER = "com.yourCompany.Web-Search-Navigator.Extension";
				PRODUCT_NAME = "$(TARGET_NAME)";
				SKIP_INSTALL = YES;
				SWIFT_EMIT_LOC_STRINGS = YES;
				SWIFT_VERSION = 5.0;
			};
			name = Release;
		};
		211F80BD29D9365D00957149 /* Debug */ = {
			isa = XCBuildConfiguration;
			buildSettings = {
				ALWAYS_EMBED_SWIFT_STANDARD_LIBRARIES = YES;
				ASSETCATALOG_COMPILER_APPICON_NAME = AppIcon;
				ASSETCATALOG_COMPILER_GLOBAL_ACCENT_COLOR_NAME = AccentColor;
				CODE_SIGN_ENTITLEMENTS = "Web Search Navigator/Web Search Navigator.entitlements";
				CODE_SIGN_IDENTITY = "Apple Development";
				"CODE_SIGN_IDENTITY[sdk=macosx*]" = "Apple Development";
				CODE_SIGN_STYLE = Automatic;
				COMBINE_HIDPI_IMAGES = YES;
				CURRENT_PROJECT_VERSION = 1;
				DEVELOPMENT_TEAM = CHKXU9G85C;
				ENABLE_HARDENED_RUNTIME = YES;
				GENERATE_INFOPLIST_FILE = YES;
				INFOPLIST_FILE = "Web Search Navigator/Info.plist";
				INFOPLIST_KEY_CFBundleDisplayName = "Web Search Navigator";
				INFOPLIST_KEY_NSHumanReadableCopyright = "";
				INFOPLIST_KEY_NSMainStoryboardFile = Main;
				INFOPLIST_KEY_NSPrincipalClass = NSApplication;
				LD_RUNPATH_SEARCH_PATHS = (
					"$(inherited)",
					"@executable_path/../Frameworks",
				);
				MACOSX_DEPLOYMENT_TARGET = 10.14;
				MARKETING_VERSION = 1.0;
				OTHER_LDFLAGS = (
					"-framework",
					SafariServices,
					"-framework",
					WebKit,
				);
				PRODUCT_BUNDLE_IDENTIFIER = "com.yourCompany.Web-Search-Navigator";
				PRODUCT_NAME = "$(TARGET_NAME)";
				PROVISIONING_PROFILE_SPECIFIER = "";
				SWIFT_EMIT_LOC_STRINGS = YES;
				SWIFT_VERSION = 5.0;
			};
			name = Debug;
		};
		211F80BE29D9365D00957149 /* Release */ = {
			isa = XCBuildConfiguration;
			buildSettings = {
				ALWAYS_EMBED_SWIFT_STANDARD_LIBRARIES = YES;
				ASSETCATALOG_COMPILER_APPICON_NAME = AppIcon;
				ASSETCATALOG_COMPILER_GLOBAL_ACCENT_COLOR_NAME = AccentColor;
				CODE_SIGN_ENTITLEMENTS = "Web Search Navigator/Web Search Navigator.entitlements";
				CODE_SIGN_IDENTITY = "Apple Development";
				"CODE_SIGN_IDENTITY[sdk=macosx*]" = "Apple Development";
				CODE_SIGN_STYLE = Automatic;
				COMBINE_HIDPI_IMAGES = YES;
				CURRENT_PROJECT_VERSION = 1;
				DEVELOPMENT_TEAM = CHKXU9G85C;
				ENABLE_HARDENED_RUNTIME = YES;
				GENERATE_INFOPLIST_FILE = YES;
				INFOPLIST_FILE = "Web Search Navigator/Info.plist";
				INFOPLIST_KEY_CFBundleDisplayName = "Web Search Navigator";
				INFOPLIST_KEY_NSHumanReadableCopyright = "";
				INFOPLIST_KEY_NSMainStoryboardFile = Main;
				INFOPLIST_KEY_NSPrincipalClass = NSApplication;
				LD_RUNPATH_SEARCH_PATHS = (
					"$(inherited)",
					"@executable_path/../Frameworks",
				);
				MACOSX_DEPLOYMENT_TARGET = 10.14;
				MARKETING_VERSION = 1.0;
				OTHER_LDFLAGS = (
					"-framework",
					SafariServices,
					"-framework",
					WebKit,
				);
				PRODUCT_BUNDLE_IDENTIFIER = "com.yourCompany.Web-Search-Navigator";
				PRODUCT_NAME = "$(TARGET_NAME)";
				PROVISIONING_PROFILE_SPECIFIER = "";
				SWIFT_EMIT_LOC_STRINGS = YES;
				SWIFT_VERSION = 5.0;
			};
			name = Release;
		};
/* End XCBuildConfiguration section */

/* Begin XCConfigurationList section */
		211F808B29D9365B00957149 /* Build configuration list for PBXProject "Web Search Navigator" */ = {
			isa = XCConfigurationList;
			buildConfigurations = (
				211F80B629D9365D00957149 /* Debug */,
				211F80B729D9365D00957149 /* Release */,
			);
			defaultConfigurationIsVisible = 0;
			defaultConfigurationName = Release;
		};
		211F80B829D9365D00957149 /* Build configuration list for PBXNativeTarget "Web Search Navigator Extension" */ = {
			isa = XCConfigurationList;
			buildConfigurations = (
				211F80B929D9365D00957149 /* Debug */,
				211F80BA29D9365D00957149 /* Release */,
			);
			defaultConfigurationIsVisible = 0;
			defaultConfigurationName = Release;
		};
		211F80BC29D9365D00957149 /* Build configuration list for PBXNativeTarget "Web Search Navigator" */ = {
			isa = XCConfigurationList;
			buildConfigurations = (
				211F80BD29D9365D00957149 /* Debug */,
				211F80BE29D9365D00957149 /* Release */,
			);
			defaultConfigurationIsVisible = 0;
			defaultConfigurationName = Release;
		};
/* End XCConfigurationList section */
	};
	rootObject = 211F808829D9365B00957149 /* Project object */;
}
